<?xml version="1.0" encoding="utf-8"?>
<Project ToolsVersion="4.0" xmlns="http://schemas.microsoft.com/developer/msbuild/2003">
  <ItemGroup>
    <Filter Include="源文件">
      <UniqueIdentifier>{4FC737F1-C7A5-4376-A066-2A32D752A2FF}</UniqueIdentifier>
      <Extensions>cpp;c;cc;cxx;c++;cppm;ixx;def;odl;idl;hpj;bat;asm;asmx</Extensions>
    </Filter>
    <Filter Include="头文件">
      <UniqueIdentifier>{93995380-89BD-4b04-88EB-625FBE52EBFB}</UniqueIdentifier>
      <Extensions>h;hh;hpp;hxx;h++;hm;inl;inc;ipp;xsd</Extensions>
    </Filter>
    <Filter Include="资源文件">
      <UniqueIdentifier>{67DA6AB6-F800-4c08-8B7A-83BB121AAD01}</UniqueIdentifier>
      <Extensions>rc;ico;cur;bmp;dlg;rc2;rct;bin;rgs;gif;jpg;jpeg;jpe;resx;tiff;tif;png;wav;mfcribbon-ms</Extensions>
    </Filter>
    <Filter Include="库文件">
      <UniqueIdentifier>{b5a862e5-3add-4a64-bbd2-2343fd629406}</UniqueIdentifier>
    </Filter>
  </ItemGroup>
  <ItemGroup>
    <ClCompile Include="API\BlockAPI.cpp">
      <Filter>源文件</Filter>
    </ClCompile>
    <ClCompile Include="API\BlockEntityAPI.cpp">
      <Filter>源文件</Filter>
    </ClCompile>
    <ClCompile Include="API\CommandAPI.cpp">
      <Filter>源文件</Filter>
    </ClCompile>
    <ClCompile Include="API\CommandOriginAPI.cpp">
      <Filter>源文件</Filter>
    </ClCompile>
    <ClCompile Include="API\CommandOutputAPI.cpp">
      <Filter>源文件</Filter>
    </ClCompile>
    <ClCompile Include="API\ContainerAPI.cpp">
      <Filter>源文件</Filter>
    </ClCompile>
    <ClCompile Include="API\EntityAPI.cpp">
      <Filter>源文件</Filter>
    </ClCompile>
    <ClCompile Include="API\EventAPI.cpp">
      <Filter>源文件</Filter>
    </ClCompile>
    <ClCompile Include="API\GuiAPI.cpp">
      <Filter>源文件</Filter>
    </ClCompile>
    <ClCompile Include="API\ItemAPI.cpp">
      <Filter>源文件</Filter>
    </ClCompile>
    <ClCompile Include="API\LoggerAPI.cpp">
      <Filter>源文件</Filter>
    </ClCompile>
    <ClCompile Include="API\McAPI.cpp">
      <Filter>源文件</Filter>
    </ClCompile>
    <ClCompile Include="API\NbtAPI.cpp">
      <Filter>源文件</Filter>
    </ClCompile>
    <ClCompile Include="API\PlayerAPI.cpp">
      <Filter>源文件</Filter>
    </ClCompile>
    <ClCompile Include="API\ScoreboardAPI.cpp">
      <Filter>源文件</Filter>
    </ClCompile>
    <ClCompile Include="Global.cpp">
      <Filter>源文件</Filter>
    </ClCompile>
    <ClCompile Include="Init.cpp">
      <Filter>源文件</Filter>
    </ClCompile>
    <ClCompile Include="API\MoneyAPI.cpp">
      <Filter>源文件</Filter>
    </ClCompile>
    <ClCompile Include="ModuleDef.cpp">
      <Filter>源文件</Filter>
    </ClCompile>
  </ItemGroup>
  <ItemGroup>
    <ClInclude Include="API\BlockAPI.h">
      <Filter>头文件</Filter>
    </ClInclude>
    <ClInclude Include="API\BlockEntityAPI.h">
      <Filter>头文件</Filter>
    </ClInclude>
    <ClInclude Include="API\CommandAPI.h">
      <Filter>头文件</Filter>
    </ClInclude>
    <ClInclude Include="API\CommandOriginAPI.h">
      <Filter>头文件</Filter>
    </ClInclude>
    <ClInclude Include="API\CommandOutputAPI.h">
      <Filter>头文件</Filter>
    </ClInclude>
    <ClInclude Include="API\ContainerAPI.h">
      <Filter>头文件</Filter>
    </ClInclude>
    <ClInclude Include="API\EntityAPI.h">
      <Filter>头文件</Filter>
    </ClInclude>
    <ClInclude Include="API\EventAPI.h">
      <Filter>头文件</Filter>
    </ClInclude>
    <ClInclude Include="API\GuiAPI.h">
      <Filter>头文件</Filter>
    </ClInclude>
    <ClInclude Include="API\ItemAPI.h">
      <Filter>头文件</Filter>
    </ClInclude>
    <ClInclude Include="API\LoggerAPI.h">
      <Filter>头文件</Filter>
    </ClInclude>
    <ClInclude Include="API\McAPI.h">
      <Filter>头文件</Filter>
    </ClInclude>
    <ClInclude Include="API\NbtAPI.h">
      <Filter>头文件</Filter>
    </ClInclude>
    <ClInclude Include="API\PlayerAPI.h">
      <Filter>头文件</Filter>
    </ClInclude>
    <ClInclude Include="API\ScoreboardAPI.h">
      <Filter>头文件</Filter>
    </ClInclude>
    <ClInclude Include="Global.hpp">
      <Filter>头文件</Filter>
    </ClInclude>
    <ClInclude Include="API\MoneyAPI.h">
      <Filter>头文件</Filter>
    </ClInclude>
  </ItemGroup>
  <ItemGroup>
    <Library Include="Lib\python37.lib">
      <Filter>库文件</Filter>
    </Library>
    <Library Include="SDK\Lib\LiteLoader.lib">
      <Filter>库文件</Filter>
    </Library>
    <Library Include="SDK\Lib\SymDBHelper.lib">
      <Filter>库文件</Filter>
    </Library>
    <Library Include="SDK\Lib\bedrock_server_api.lib">
      <Filter>库文件</Filter>
    </Library>
    <Library Include="SDK\Lib\bedrock_server_var.lib">
      <Filter>库文件</Filter>
    </Library>
    <Library Include="SDK\Lib\bedrock_server_var.lib" />
    <Library Include="SDK\Lib\bedrock_server_api.lib" />
  </ItemGroup>
  <ItemGroup>
    <None Include=".clang-format" />
  </ItemGroup>
</Project>