<?xml version="1.0" encoding="utf-8"?>
<Project ToolsVersion="4.0" xmlns="http://schemas.microsoft.com/developer/msbuild/2003">
  <ItemGroup>
    <Filter Include="源文件">
      <UniqueIdentifier>{4FC737F1-C7A5-4376-A066-2A32D752A2FF}</UniqueIdentifier>
      <Extensions>cpp;c;cc;cxx;c++;cppm;ixx;def;odl;idl;hpj;bat;asm;asmx</Extensions>
    </Filter>
    <Filter Include="头文件">
      <UniqueIdentifier>{93995380-89BD-4b04-88EB-625FBE52EBFB}</UniqueIdentifier>
      <Extensions>h;hh;hpp;hxx;h++;hm;inl;inc;ipp;xsd</Extensions>
    </Filter>
    <Filter Include="资源文件">
      <UniqueIdentifier>{67DA6AB6-F800-4c08-8B7A-83BB121AAD01}</UniqueIdentifier>
      <Extensions>rc;ico;cur;bmp;dlg;rc2;rct;bin;rgs;gif;jpg;jpeg;jpe;resx;tiff;tif;png;wav;mfcribbon-ms</Extensions>
    </Filter>
    <Filter Include="Library">
      <UniqueIdentifier>{b5a862e5-3add-4a64-bbd2-2343fd629406}</UniqueIdentifier>
    </Filter>
  </ItemGroup>
  <ItemGroup>
    <ClCompile Include="mod\Main.cpp">
      <Filter>源文件</Filter>
    </ClCompile>
    <ClCompile Include="mod\PyEntity.cpp">
      <Filter>源文件</Filter>
    </ClCompile>
    <ClCompile Include="mod\Module.cpp">
      <Filter>源文件</Filter>
    </ClCompile>
    <ClCompile Include="mod\Event.cpp">
      <Filter>源文件</Filter>
    </ClCompile>
    <ClCompile Include="mod\NBT.cpp">
      <Filter>源文件</Filter>
    </ClCompile>
    <ClCompile Include="mod\PyItem.cpp">
      <Filter>源文件</Filter>
    </ClCompile>
    <ClCompile Include="mod\PyBlockInstance.cpp">
      <Filter>源文件</Filter>
    </ClCompile>
    <ClCompile Include="mod\Tool.cpp">
      <Filter>源文件</Filter>
    </ClCompile>
  </ItemGroup>
  <ItemGroup>
    <ClInclude Include="mod\Tool.h">
      <Filter>头文件</Filter>
    </ClInclude>
    <ClInclude Include="mod\Event.h">
      <Filter>头文件</Filter>
    </ClInclude>
    <ClInclude Include="mod\PyEntity.h">
      <Filter>头文件</Filter>
    </ClInclude>
    <ClInclude Include="mod\Module.h">
      <Filter>头文件</Filter>
    </ClInclude>
    <ClInclude Include="mod\CPython.h">
      <Filter>头文件</Filter>
    </ClInclude>
    <ClInclude Include="mod\NBT.h">
      <Filter>头文件</Filter>
    </ClInclude>
    <ClInclude Include="mod\PyItem.h">
      <Filter>头文件</Filter>
    </ClInclude>
    <ClInclude Include="mod\PyBlockInstance.h">
      <Filter>头文件</Filter>
    </ClInclude>
  </ItemGroup>
  <ItemGroup>
    <Library Include="lib\python37.lib">
      <Filter>Library</Filter>
    </Library>
    <Library Include="SDK\Lib\LiteLoader.lib">
      <Filter>Library</Filter>
    </Library>
    <Library Include="SDK\Lib\SymDBHelper.lib">
      <Filter>Library</Filter>
    </Library>
    <Library Include="SDK\Lib\bedrock_server_api.lib">
      <Filter>Library</Filter>
    </Library>
    <Library Include="SDK\Lib\bedrock_server_var.lib">
      <Filter>Library</Filter>
    </Library>
    <Library Include="SDK\Lib\bedrock_server_var.lib" />
    <Library Include="SDK\Lib\bedrock_server_api.lib" />
  </ItemGroup>
</Project>