<?xml version="1.0" encoding="utf-8"?>
<Project ToolsVersion="4.0" xmlns="http://schemas.microsoft.com/developer/msbuild/2003">
  <ItemGroup>
    <Library Include="chakra.lib" />
    <Library Include="python37.lib" />
  </ItemGroup>
  <ItemGroup>
    <ClCompile Include="mod.cpp" />
    <ClCompile Include="jsoncpp.cpp" />
  </ItemGroup>
  <ItemGroup>
    <ClInclude Include="pch.h" />
    <ClInclude Include="Event.h" />
    <ClInclude Include="BDS.hpp" />
    <ClInclude Include="NBT.h" />
    <ClInclude Include="PyEntityObject.h" />
  </ItemGroup>
</Project>