<?xml version="1.0" encoding="utf-8"?>
<Project ToolsVersion="4.0" xmlns="http://schemas.microsoft.com/developer/msbuild/2003">
  <ItemGroup>
    <ClCompile Include="mod.cpp" />
    <ClCompile Include="BDS\Actor.cpp">
      <Filter>BDS</Filter>
    </ClCompile>
    <ClCompile Include="BDS\Block.cpp">
      <Filter>BDS</Filter>
    </ClCompile>
    <ClCompile Include="BDS\ItemStack.cpp">
      <Filter>BDS</Filter>
    </ClCompile>
    <ClCompile Include="BDS\Level.cpp">
      <Filter>BDS</Filter>
    </ClCompile>
    <ClCompile Include="BDS\NetWork.cpp">
      <Filter>BDS</Filter>
    </ClCompile>
    <ClCompile Include="BDS\ScoreBoard.cpp">
      <Filter>BDS</Filter>
    </ClCompile>
    <ClCompile Include="BDS\Structure.cpp">
      <Filter>BDS</Filter>
    </ClCompile>
    <ClCompile Include="BDS\Tag.cpp">
      <Filter>BDS</Filter>
    </ClCompile>
  </ItemGroup>
  <ItemGroup>
    <Library Include="lib\chakra.lib">
      <Filter>lib</Filter>
    </Library>
    <Library Include="lib\python37.lib">
      <Filter>lib</Filter>
    </Library>
  </ItemGroup>
  <ItemGroup>
    <ClInclude Include="tool.h" />
    <ClInclude Include="BDS\Actor.h">
      <Filter>BDS</Filter>
    </ClInclude>
    <ClInclude Include="BDS\Block.h">
      <Filter>BDS</Filter>
    </ClInclude>
    <ClInclude Include="BDS\ItemStack.h">
      <Filter>BDS</Filter>
    </ClInclude>
    <ClInclude Include="BDS\Level.h">
      <Filter>BDS</Filter>
    </ClInclude>
    <ClInclude Include="BDS\Math.h">
      <Filter>BDS</Filter>
    </ClInclude>
    <ClInclude Include="BDS\NetWork.h">
      <Filter>BDS</Filter>
    </ClInclude>
    <ClInclude Include="BDS\ScoreBoard.h">
      <Filter>BDS</Filter>
    </ClInclude>
    <ClInclude Include="BDS\span.h">
      <Filter>BDS</Filter>
    </ClInclude>
    <ClInclude Include="BDS\Structure.h">
      <Filter>BDS</Filter>
    </ClInclude>
    <ClInclude Include="BDS\Tag.h">
      <Filter>BDS</Filter>
    </ClInclude>
    <ClInclude Include="json.hpp">
      <Filter>json</Filter>
    </ClInclude>
    <ClInclude Include="BDS\BDS.h">
      <Filter>BDS</Filter>
    </ClInclude>
  </ItemGroup>
  <ItemGroup>
    <None Include="cpp.hint" />
  </ItemGroup>
  <ItemGroup>
    <Filter Include="BDS">
      <UniqueIdentifier>{cfc7543d-cc07-4687-8192-48b321575f19}</UniqueIdentifier>
    </Filter>
    <Filter Include="lib">
      <UniqueIdentifier>{237bf3e8-b292-4ca0-b55a-d5f6832b0cb0}</UniqueIdentifier>
    </Filter>
    <Filter Include="json">
      <UniqueIdentifier>{6563aec4-809e-4c5c-ae93-b1ca44e3f489}</UniqueIdentifier>
    </Filter>
  </ItemGroup>
</Project>